
Microsoft Visual Studio Solution File, Format Version 12.00
# Visual Studio Version 16
VisualStudioVersion = 16.0.33328.57
MinimumVisualStudioVersion = 10.0.40219.1
Project("{FAE04EC0-301F-11D3-BF4B-00C04F79EFBC}") = "IfElse", "IfElse\IfElse.csproj", "{A022E939-ED0B-4954-9107-BD824DA566DC}"
EndProject
Project("{FAE04EC0-301F-11D3-BF4B-00C04F79EFBC}") = "IfIf", "IfIf\IfIf.csproj", "{5D0078C3-EFD8-4C2E-A1BA-4AFD62B2FB0A}"
EndProject
Project("{FAE04EC0-301F-11D3-BF4B-00C04F79EFBC}") = "P151_ex2", "P151_ex2\P151_ex2.csproj", "{640618B1-3B46-48E4-9E77-946A2349A6B4}"
EndProject
Project("{FAE04EC0-301F-11D3-BF4B-00C04F79EFBC}") = "P151_ex3", "P151_ex3\P151_ex3.csproj", "{CF8E0472-715F-41B1-AB3A-31CFBF5CFD0F}"
EndProject
Project("{FAE04EC0-301F-11D3-BF4B-00C04F79EFBC}") = "P151_ex4", "..\ju0928\Chapter05\P151_ex4\P151_ex4.csproj", "{20BF6C05-D3D3-4F45-B3D7-58D3BD52028C}"
EndProject
Project("{FAE04EC0-301F-11D3-BF4B-00C04F79EFBC}") = "P151_ex5", "P151_ex5\P151_ex5.csproj", "{3A8C9470-6363-4296-B10B-BA01C5E6BE02}"
EndProject
Project("{FAE04EC0-301F-11D3-BF4B-00C04F79EFBC}") = "Switch", "Switch\Switch.csproj", "{FD624A62-033F-4088-A940-D33CBC622EC9}"
EndProject
Project("{FAE04EC0-301F-11D3-BF4B-00C04F79EFBC}") = "p161_ex2", "p161_ex2\p161_ex2.csproj", "{92E9E6CE-1B47-47E1-9E4D-BF9F47FB47D5}"
EndProject
Project("{FAE04EC0-301F-11D3-BF4B-00C04F79EFBC}") = "p161_ex4", "p161_ex4\p161_ex4.csproj", "{99C80AC9-F56D-4B64-AC05-C69F75FE190A}"
EndProject
Project("{FAE04EC0-301F-11D3-BF4B-00C04F79EFBC}") = "p161_ex3", "p161_ex3\p161_ex3.csproj", "{065E1276-0B94-41EE-B643-CC5420C9690C}"
EndProject
Project("{FAE04EC0-301F-11D3-BF4B-00C04F79EFBC}") = "p151_ex6", "p151_ex6\p151_ex6.csproj", "{E8340215-F046-4C35-BC53-B3A8C551A73E}"
EndProject
Project("{FAE04EC0-301F-11D3-BF4B-00C04F79EFBC}") = "While", "While\While.csproj", "{DC1251C2-050F-49ED-B5E5-73B2CC0EDF9E}"
EndProject
Project("{FAE04EC0-301F-11D3-BF4B-00C04F79EFBC}") = "While2", "While2\While2.csproj", "{F56887F5-8572-4460-A6D6-E6F4EE14FF83}"
EndProject
Project("{FAE04EC0-301F-11D3-BF4B-00C04F79EFBC}") = "For", "For\For.csproj", "{7EB7227D-C449-48B5-92E9-0765205CE3AC}"
EndProject
Project("{FAE04EC0-301F-11D3-BF4B-00C04F79EFBC}") = "ForFor", "ForFor\ForFor.csproj", "{BDA82AA2-C22B-4401-AB64-645B65F686F1}"
EndProject
Project("{FAE04EC0-301F-11D3-BF4B-00C04F79EFBC}") = "Jang Ju Youn_ex1", "Jang Ju Youn_ex1\Jang Ju Youn_ex1.csproj", "{3A0053CC-D676-457A-9C43-22DA6AD8A94E}"
EndProject
Project("{FAE04EC0-301F-11D3-BF4B-00C04F79EFBC}") = "Jang Ju Youn_ex2", "Jang Ju Youn_ex2\Jang Ju Youn_ex2.csproj", "{599DBB95-1ED0-40D4-89DE-C82FEA3653E4}"
EndProject
Project("{FAE04EC0-301F-11D3-BF4B-00C04F79EFBC}") = "Jang Ju Youn_ex3", "Jang Ju Youn_ex3\Jang Ju Youn_ex3.csproj", "{D9C53ECA-EA59-41B7-8A55-402C1C1827C1}"
EndProject
Project("{FAE04EC0-301F-11D3-BF4B-00C04F79EFBC}") = "ForEach", "ForEach\ForEach.csproj", "{EB0D7A04-8234-414B-A219-70894B311BB1}"
EndProject
Project("{FAE04EC0-301F-11D3-BF4B-00C04F79EFBC}") = "Break", "Break\Break.csproj", "{97BC5FE2-177F-42D3-94A3-A0150667F0E8}"
EndProject
Project("{FAE04EC0-301F-11D3-BF4B-00C04F79EFBC}") = "Continue", "Continue\Continue.csproj", "{AC6C6C44-44CC-4F0B-9054-6B023A6B33F4}"
EndProject
Project("{FAE04EC0-301F-11D3-BF4B-00C04F79EFBC}") = "Goto", "Goto\Goto.csproj", "{8B2DBAF6-AE22-456B-91F4-F2512CF65B71}"
EndProject
Project("{FAE04EC0-301F-11D3-BF4B-00C04F79EFBC}") = "Jang Ju Youn_ex3 (2)", "Jang Ju Youn_ex3 (2)\Jang Ju Youn_ex3 (2).csproj", "{36279ACA-8420-4569-8095-EED2FF62FDC2}"
EndProject
Project("{FAE04EC0-301F-11D3-BF4B-00C04F79EFBC}") = "Jang Ju Youn_ex4", "Jang Ju Youn_ex4\Jang Ju Youn_ex4.csproj", "{E8E9E141-E704-431F-BB83-4D59075DCF02}"
EndProject
Global
	GlobalSection(SolutionConfigurationPlatforms) = preSolution
		Debug|Any CPU = Debug|Any CPU
		Release|Any CPU = Release|Any CPU
	EndGlobalSection
	GlobalSection(ProjectConfigurationPlatforms) = postSolution
		{A022E939-ED0B-4954-9107-BD824DA566DC}.Debug|Any CPU.ActiveCfg = Debug|Any CPU
		{A022E939-ED0B-4954-9107-BD824DA566DC}.Debug|Any CPU.Build.0 = Debug|Any CPU
		{A022E939-ED0B-4954-9107-BD824DA566DC}.Release|Any CPU.ActiveCfg = Release|Any CPU
		{A022E939-ED0B-4954-9107-BD824DA566DC}.Release|Any CPU.Build.0 = Release|Any CPU
		{5D0078C3-EFD8-4C2E-A1BA-4AFD62B2FB0A}.Debug|Any CPU.ActiveCfg = Debug|Any CPU
		{5D0078C3-EFD8-4C2E-A1BA-4AFD62B2FB0A}.Debug|Any CPU.Build.0 = Debug|Any CPU
		{5D0078C3-EFD8-4C2E-A1BA-4AFD62B2FB0A}.Release|Any CPU.ActiveCfg = Release|Any CPU
		{5D0078C3-EFD8-4C2E-A1BA-4AFD62B2FB0A}.Release|Any CPU.Build.0 = Release|Any CPU
		{640618B1-3B46-48E4-9E77-946A2349A6B4}.Debug|Any CPU.ActiveCfg = Debug|Any CPU
		{640618B1-3B46-48E4-9E77-946A2349A6B4}.Debug|Any CPU.Build.0 = Debug|Any CPU
		{640618B1-3B46-48E4-9E77-946A2349A6B4}.Release|Any CPU.ActiveCfg = Release|Any CPU
		{640618B1-3B46-48E4-9E77-946A2349A6B4}.Release|Any CPU.Build.0 = Release|Any CPU
		{CF8E0472-715F-41B1-AB3A-31CFBF5CFD0F}.Debug|Any CPU.ActiveCfg = Debug|Any CPU
		{CF8E0472-715F-41B1-AB3A-31CFBF5CFD0F}.Debug|Any CPU.Build.0 = Debug|Any CPU
		{CF8E0472-715F-41B1-AB3A-31CFBF5CFD0F}.Release|Any CPU.ActiveCfg = Release|Any CPU
		{CF8E0472-715F-41B1-AB3A-31CFBF5CFD0F}.Release|Any CPU.Build.0 = Release|Any CPU
		{20BF6C05-D3D3-4F45-B3D7-58D3BD52028C}.Debug|Any CPU.ActiveCfg = Debug|Any CPU
		{20BF6C05-D3D3-4F45-B3D7-58D3BD52028C}.Debug|Any CPU.Build.0 = Debug|Any CPU
		{20BF6C05-D3D3-4F45-B3D7-58D3BD52028C}.Release|Any CPU.ActiveCfg = Release|Any CPU
		{20BF6C05-D3D3-4F45-B3D7-58D3BD52028C}.Release|Any CPU.Build.0 = Release|Any CPU
		{3A8C9470-6363-4296-B10B-BA01C5E6BE02}.Debug|Any CPU.ActiveCfg = Debug|Any CPU
		{3A8C9470-6363-4296-B10B-BA01C5E6BE02}.Debug|Any CPU.Build.0 = Debug|Any CPU
		{3A8C9470-6363-4296-B10B-BA01C5E6BE02}.Release|Any CPU.ActiveCfg = Release|Any CPU
		{3A8C9470-6363-4296-B10B-BA01C5E6BE02}.Release|Any CPU.Build.0 = Release|Any CPU
		{FD624A62-033F-4088-A940-D33CBC622EC9}.Debug|Any CPU.ActiveCfg = Debug|Any CPU
		{FD624A62-033F-4088-A940-D33CBC622EC9}.Debug|Any CPU.Build.0 = Debug|Any CPU
		{FD624A62-033F-4088-A940-D33CBC622EC9}.Release|Any CPU.ActiveCfg = Release|Any CPU
		{FD624A62-033F-4088-A940-D33CBC622EC9}.Release|Any CPU.Build.0 = Release|Any CPU
		{92E9E6CE-1B47-47E1-9E4D-BF9F47FB47D5}.Debug|Any CPU.ActiveCfg = Debug|Any CPU
		{92E9E6CE-1B47-47E1-9E4D-BF9F47FB47D5}.Debug|Any CPU.Build.0 = Debug|Any CPU
		{92E9E6CE-1B47-47E1-9E4D-BF9F47FB47D5}.Release|Any CPU.ActiveCfg = Release|Any CPU
		{92E9E6CE-1B47-47E1-9E4D-BF9F47FB47D5}.Release|Any CPU.Build.0 = Release|Any CPU
		{99C80AC9-F56D-4B64-AC05-C69F75FE190A}.Debug|Any CPU.ActiveCfg = Debug|Any CPU
		{99C80AC9-F56D-4B64-AC05-C69F75FE190A}.Debug|Any CPU.Build.0 = Debug|Any CPU
		{99C80AC9-F56D-4B64-AC05-C69F75FE190A}.Release|Any CPU.ActiveCfg = Release|Any CPU
		{99C80AC9-F56D-4B64-AC05-C69F75FE190A}.Release|Any CPU.Build.0 = Release|Any CPU
		{065E1276-0B94-41EE-B643-CC5420C9690C}.Debug|Any CPU.ActiveCfg = Debug|Any CPU
		{065E1276-0B94-41EE-B643-CC5420C9690C}.Debug|Any CPU.Build.0 = Debug|Any CPU
		{065E1276-0B94-41EE-B643-CC5420C9690C}.Release|Any CPU.ActiveCfg = Release|Any CPU
		{065E1276-0B94-41EE-B643-CC5420C9690C}.Release|Any CPU.Build.0 = Release|Any CPU
		{E8340215-F046-4C35-BC53-B3A8C551A73E}.Debug|Any CPU.ActiveCfg = Debug|Any CPU
		{E8340215-F046-4C35-BC53-B3A8C551A73E}.Debug|Any CPU.Build.0 = Debug|Any CPU
		{E8340215-F046-4C35-BC53-B3A8C551A73E}.Release|Any CPU.ActiveCfg = Release|Any CPU
		{E8340215-F046-4C35-BC53-B3A8C551A73E}.Release|Any CPU.Build.0 = Release|Any CPU
		{DC1251C2-050F-49ED-B5E5-73B2CC0EDF9E}.Debug|Any CPU.ActiveCfg = Debug|Any CPU
		{DC1251C2-050F-49ED-B5E5-73B2CC0EDF9E}.Debug|Any CPU.Build.0 = Debug|Any CPU
		{DC1251C2-050F-49ED-B5E5-73B2CC0EDF9E}.Release|Any CPU.ActiveCfg = Release|Any CPU
		{DC1251C2-050F-49ED-B5E5-73B2CC0EDF9E}.Release|Any CPU.Build.0 = Release|Any CPU
		{F56887F5-8572-4460-A6D6-E6F4EE14FF83}.Debug|Any CPU.ActiveCfg = Debug|Any CPU
		{F56887F5-8572-4460-A6D6-E6F4EE14FF83}.Debug|Any CPU.Build.0 = Debug|Any CPU
		{F56887F5-8572-4460-A6D6-E6F4EE14FF83}.Release|Any CPU.ActiveCfg = Release|Any CPU
		{F56887F5-8572-4460-A6D6-E6F4EE14FF83}.Release|Any CPU.Build.0 = Release|Any CPU
		{7EB7227D-C449-48B5-92E9-0765205CE3AC}.Debug|Any CPU.ActiveCfg = Debug|Any CPU
		{7EB7227D-C449-48B5-92E9-0765205CE3AC}.Debug|Any CPU.Build.0 = Debug|Any CPU
		{7EB7227D-C449-48B5-92E9-0765205CE3AC}.Release|Any CPU.ActiveCfg = Release|Any CPU
		{7EB7227D-C449-48B5-92E9-0765205CE3AC}.Release|Any CPU.Build.0 = Release|Any CPU
		{BDA82AA2-C22B-4401-AB64-645B65F686F1}.Debug|Any CPU.ActiveCfg = Debug|Any CPU
		{BDA82AA2-C22B-4401-AB64-645B65F686F1}.Debug|Any CPU.Build.0 = Debug|Any CPU
		{BDA82AA2-C22B-4401-AB64-645B65F686F1}.Release|Any CPU.ActiveCfg = Release|Any CPU
		{BDA82AA2-C22B-4401-AB64-645B65F686F1}.Release|Any CPU.Build.0 = Release|Any CPU
		{3A0053CC-D676-457A-9C43-22DA6AD8A94E}.Debug|Any CPU.ActiveCfg = Debug|Any CPU
		{3A0053CC-D676-457A-9C43-22DA6AD8A94E}.Debug|Any CPU.Build.0 = Debug|Any CPU
		{3A0053CC-D676-457A-9C43-22DA6AD8A94E}.Release|Any CPU.ActiveCfg = Release|Any CPU
		{3A0053CC-D676-457A-9C43-22DA6AD8A94E}.Release|Any CPU.Build.0 = Release|Any CPU
		{599DBB95-1ED0-40D4-89DE-C82FEA3653E4}.Debug|Any CPU.ActiveCfg = Debug|Any CPU
		{599DBB95-1ED0-40D4-89DE-C82FEA3653E4}.Debug|Any CPU.Build.0 = Debug|Any CPU
		{599DBB95-1ED0-40D4-89DE-C82FEA3653E4}.Release|Any CPU.ActiveCfg = Release|Any CPU
		{599DBB95-1ED0-40D4-89DE-C82FEA3653E4}.Release|Any CPU.Build.0 = Release|Any CPU
		{D9C53ECA-EA59-41B7-8A55-402C1C1827C1}.Debug|Any CPU.ActiveCfg = Debug|Any CPU
		{D9C53ECA-EA59-41B7-8A55-402C1C1827C1}.Debug|Any CPU.Build.0 = Debug|Any CPU
		{D9C53ECA-EA59-41B7-8A55-402C1C1827C1}.Release|Any CPU.ActiveCfg = Release|Any CPU
		{D9C53ECA-EA59-41B7-8A55-402C1C1827C1}.Release|Any CPU.Build.0 = Release|Any CPU
		{EB0D7A04-8234-414B-A219-70894B311BB1}.Debug|Any CPU.ActiveCfg = Debug|Any CPU
		{EB0D7A04-8234-414B-A219-70894B311BB1}.Debug|Any CPU.Build.0 = Debug|Any CPU
		{EB0D7A04-8234-414B-A219-70894B311BB1}.Release|Any CPU.ActiveCfg = Release|Any CPU
		{EB0D7A04-8234-414B-A219-70894B311BB1}.Release|Any CPU.Build.0 = Release|Any CPU
		{97BC5FE2-177F-42D3-94A3-A0150667F0E8}.Debug|Any CPU.ActiveCfg = Debug|Any CPU
		{97BC5FE2-177F-42D3-94A3-A0150667F0E8}.Debug|Any CPU.Build.0 = Debug|Any CPU
		{97BC5FE2-177F-42D3-94A3-A0150667F0E8}.Release|Any CPU.ActiveCfg = Release|Any CPU
		{97BC5FE2-177F-42D3-94A3-A0150667F0E8}.Release|Any CPU.Build.0 = Release|Any CPU
		{AC6C6C44-44CC-4F0B-9054-6B023A6B33F4}.Debug|Any CPU.ActiveCfg = Debug|Any CPU
		{AC6C6C44-44CC-4F0B-9054-6B023A6B33F4}.Debug|Any CPU.Build.0 = Debug|Any CPU
		{AC6C6C44-44CC-4F0B-9054-6B023A6B33F4}.Release|Any CPU.ActiveCfg = Release|Any CPU
		{AC6C6C44-44CC-4F0B-9054-6B023A6B33F4}.Release|Any CPU.Build.0 = Release|Any CPU
		{8B2DBAF6-AE22-456B-91F4-F2512CF65B71}.Debug|Any CPU.ActiveCfg = Debug|Any CPU
		{8B2DBAF6-AE22-456B-91F4-F2512CF65B71}.Debug|Any CPU.Build.0 = Debug|Any CPU
		{8B2DBAF6-AE22-456B-91F4-F2512CF65B71}.Release|Any CPU.ActiveCfg = Release|Any CPU
		{8B2DBAF6-AE22-456B-91F4-F2512CF65B71}.Release|Any CPU.Build.0 = Release|Any CPU
		{36279ACA-8420-4569-8095-EED2FF62FDC2}.Debug|Any CPU.ActiveCfg = Debug|Any CPU
		{36279ACA-8420-4569-8095-EED2FF62FDC2}.Debug|Any CPU.Build.0 = Debug|Any CPU
		{36279ACA-8420-4569-8095-EED2FF62FDC2}.Release|Any CPU.ActiveCfg = Release|Any CPU
		{36279ACA-8420-4569-8095-EED2FF62FDC2}.Release|Any CPU.Build.0 = Release|Any CPU
		{E8E9E141-E704-431F-BB83-4D59075DCF02}.Debug|Any CPU.ActiveCfg = Debug|Any CPU
		{E8E9E141-E704-431F-BB83-4D59075DCF02}.Debug|Any CPU.Build.0 = Debug|Any CPU
		{E8E9E141-E704-431F-BB83-4D59075DCF02}.Release|Any CPU.ActiveCfg = Release|Any CPU
		{E8E9E141-E704-431F-BB83-4D59075DCF02}.Release|Any CPU.Build.0 = Release|Any CPU
	EndGlobalSection
	GlobalSection(SolutionProperties) = preSolution
		HideSolutionNode = FALSE
	EndGlobalSection
	GlobalSection(ExtensibilityGlobals) = postSolution
		SolutionGuid = {A4FAD2A5-F96B-4471-AC53-3F5F9294DA9B}
	EndGlobalSection
EndGlobal
