
Microsoft Visual Studio Solution File, Format Version 12.00
# Visual Studio Version 16
VisualStudioVersion = 16.0.33328.57
MinimumVisualStudioVersion = 10.0.40219.1
Project("{FAE04EC0-301F-11D3-BF4B-00C04F79EFBC}") = "IfElse", "IfElse\IfElse.csproj", "{A022E939-ED0B-4954-9107-BD824DA566DC}"
EndProject
Global
	GlobalSection(SolutionConfigurationPlatforms) = preSolution
		Debug|Any CPU = Debug|Any CPU
		Release|Any CPU = Release|Any CPU
	EndGlobalSection
	GlobalSection(ProjectConfigurationPlatforms) = postSolution
		{A022E939-ED0B-4954-9107-BD824DA566DC}.Debug|Any CPU.ActiveCfg = Debug|Any CPU
		{A022E939-ED0B-4954-9107-BD824DA566DC}.Debug|Any CPU.Build.0 = Debug|Any CPU
		{A022E939-ED0B-4954-9107-BD824DA566DC}.Release|Any CPU.ActiveCfg = Release|Any CPU
		{A022E939-ED0B-4954-9107-BD824DA566DC}.Release|Any CPU.Build.0 = Release|Any CPU
	EndGlobalSection
	GlobalSection(SolutionProperties) = preSolution
		HideSolutionNode = FALSE
	EndGlobalSection
	GlobalSection(ExtensibilityGlobals) = postSolution
		SolutionGuid = {A4FAD2A5-F96B-4471-AC53-3F5F9294DA9B}
	EndGlobalSection
EndGlobal
